
Microsoft Visual Studio Solution File, Format Version 12.00
# Visual Studio Version 17
VisualStudioVersion = 17.11.35312.102
MinimumVisualStudioVersion = 10.0.40219.1
Project("{8BC9CEB8-8B4A-11D0-8D11-00A0C91BC942}") = "SingletonPrac", "SingletonPrac\SingletonPrac.vcxproj", "{99A641E0-6C25-4B57-A438-A256CA2A9341}"
EndProject
Global
	GlobalSection(SolutionConfigurationPlatforms) = preSolution
		Debug|x64 = Debug|x64
		Debug|x86 = Debug|x86
		Release|x64 = Release|x64
		Release|x86 = Release|x86
	EndGlobalSection
	GlobalSection(ProjectConfigurationPlatforms) = postSolution
		{99A641E0-6C25-4B57-A438-A256CA2A9341}.Debug|x64.ActiveCfg = Debug|x64
		{99A641E0-6C25-4B57-A438-A256CA2A9341}.Debug|x64.Build.0 = Debug|x64
		{99A641E0-6C25-4B57-A438-A256CA2A9341}.Debug|x86.ActiveCfg = Debug|Win32
		{99A641E0-6C25-4B57-A438-A256CA2A9341}.Debug|x86.Build.0 = Debug|Win32
		{99A641E0-6C25-4B57-A438-A256CA2A9341}.Release|x64.ActiveCfg = Release|x64
		{99A641E0-6C25-4B57-A438-A256CA2A9341}.Release|x64.Build.0 = Release|x64
		{99A641E0-6C25-4B57-A438-A256CA2A9341}.Release|x86.ActiveCfg = Release|Win32
		{99A641E0-6C25-4B57-A438-A256CA2A9341}.Release|x86.Build.0 = Release|Win32
	EndGlobalSection
	GlobalSection(SolutionProperties) = preSolution
		HideSolutionNode = FALSE
	EndGlobalSection
	GlobalSection(ExtensibilityGlobals) = postSolution
		SolutionGuid = {E2035DB1-26BE-488B-B786-5EC78DD21558}
	EndGlobalSection
EndGlobal
